
Microsoft Visual Studio Solution File, Format Version 12.00
# Visual Studio Version 17
VisualStudioVersion = 17.3.32901.215
MinimumVisualStudioVersion = 10.0.40219.1
Project("{FAE04EC0-301F-11D3-BF4B-00C04F79EFBC}") = "TP2_TDVJ", "TP2-TDVJ\TP2_TDVJ.csproj", "{7A9A664E-4082-44F7-ABE2-0842CC711A2B}"
EndProject
Global
	GlobalSection(SolutionConfigurationPlatforms) = preSolution
		Debug|Any CPU = Debug|Any CPU
		Release|Any CPU = Release|Any CPU
	EndGlobalSection
	GlobalSection(ProjectConfigurationPlatforms) = postSolution
		{7A9A664E-4082-44F7-ABE2-0842CC711A2B}.Debug|Any CPU.ActiveCfg = Debug|Any CPU
		{7A9A664E-4082-44F7-ABE2-0842CC711A2B}.Debug|Any CPU.Build.0 = Debug|Any CPU
		{7A9A664E-4082-44F7-ABE2-0842CC711A2B}.Release|Any CPU.ActiveCfg = Release|Any CPU
		{7A9A664E-4082-44F7-ABE2-0842CC711A2B}.Release|Any CPU.Build.0 = Release|Any CPU
	EndGlobalSection
	GlobalSection(SolutionProperties) = preSolution
		HideSolutionNode = FALSE
	EndGlobalSection
	GlobalSection(ExtensibilityGlobals) = postSolution
		SolutionGuid = {D87FDC8E-E54F-420C-8633-309C4211C951}
	EndGlobalSection
EndGlobal
